
Microsoft Visual Studio Solution File, Format Version 12.00
# Visual Studio 15
VisualStudioVersion = 15.0.28010.2036
MinimumVisualStudioVersion = 10.0.40219.1
Project("{8BC9CEB8-8B4A-11D0-8D11-00A0C91BC942}") = "3.18", "3.18\3.18.vcxproj", "{A949B358-7198-4236-9B3E-EEDA62B6AD38}"
EndProject
Global
	GlobalSection(SolutionConfigurationPlatforms) = preSolution
		Debug|x64 = Debug|x64
		Debug|x86 = Debug|x86
		Release|x64 = Release|x64
		Release|x86 = Release|x86
	EndGlobalSection
	GlobalSection(ProjectConfigurationPlatforms) = postSolution
		{A949B358-7198-4236-9B3E-EEDA62B6AD38}.Debug|x64.ActiveCfg = Debug|x64
		{A949B358-7198-4236-9B3E-EEDA62B6AD38}.Debug|x64.Build.0 = Debug|x64
		{A949B358-7198-4236-9B3E-EEDA62B6AD38}.Debug|x86.ActiveCfg = Debug|Win32
		{A949B358-7198-4236-9B3E-EEDA62B6AD38}.Debug|x86.Build.0 = Debug|Win32
		{A949B358-7198-4236-9B3E-EEDA62B6AD38}.Release|x64.ActiveCfg = Release|x64
		{A949B358-7198-4236-9B3E-EEDA62B6AD38}.Release|x64.Build.0 = Release|x64
		{A949B358-7198-4236-9B3E-EEDA62B6AD38}.Release|x86.ActiveCfg = Release|Win32
		{A949B358-7198-4236-9B3E-EEDA62B6AD38}.Release|x86.Build.0 = Release|Win32
	EndGlobalSection
	GlobalSection(SolutionProperties) = preSolution
		HideSolutionNode = FALSE
	EndGlobalSection
	GlobalSection(ExtensibilityGlobals) = postSolution
		SolutionGuid = {1B6CF330-7B11-42D4-A62C-CE5A2D4473CA}
	EndGlobalSection
EndGlobal
